
Microsoft Visual Studio Solution File, Format Version 12.00
Project("{FAE04EC0-301F-11D3-BF4B-00C04F79EFBC}") = "MonkeyLang", "MonkeyLang\MonkeyLang.csproj", "{832305C3-910E-4135-9274-298BC7812B52}"
EndProject
Project("{FAE04EC0-301F-11D3-BF4B-00C04F79EFBC}") = "MonkeyTests", "MonkeyTests\MonkeyTests.csproj", "{E0940211-F236-4493-90FD-B9993DB0BDA6}"
EndProject
Global
	GlobalSection(SolutionConfigurationPlatforms) = preSolution
		Debug|Any CPU = Debug|Any CPU
		Release|Any CPU = Release|Any CPU
	EndGlobalSection
	GlobalSection(ProjectConfigurationPlatforms) = postSolution
		{832305C3-910E-4135-9274-298BC7812B52}.Debug|Any CPU.ActiveCfg = Debug|Any CPU
		{832305C3-910E-4135-9274-298BC7812B52}.Debug|Any CPU.Build.0 = Debug|Any CPU
		{832305C3-910E-4135-9274-298BC7812B52}.Release|Any CPU.ActiveCfg = Release|Any CPU
		{832305C3-910E-4135-9274-298BC7812B52}.Release|Any CPU.Build.0 = Release|Any CPU
		{E0940211-F236-4493-90FD-B9993DB0BDA6}.Debug|Any CPU.ActiveCfg = Debug|Any CPU
		{E0940211-F236-4493-90FD-B9993DB0BDA6}.Debug|Any CPU.Build.0 = Debug|Any CPU
		{E0940211-F236-4493-90FD-B9993DB0BDA6}.Release|Any CPU.ActiveCfg = Release|Any CPU
		{E0940211-F236-4493-90FD-B9993DB0BDA6}.Release|Any CPU.Build.0 = Release|Any CPU
	EndGlobalSection
EndGlobal
