
Microsoft Visual Studio Solution File, Format Version 12.00
# Visual Studio Version 17
VisualStudioVersion = 17.5.002.0
MinimumVisualStudioVersion = 10.0.40219.1
Project("{9A19103F-16F7-4668-BE54-9A1E7A4F7556}") = "MonkeyLang", "MonkeyLang.csproj", "{DD1B3C3C-9A5A-41D7-87A0-D90436A86820}"
EndProject
Project("{FAE04EC0-301F-11D3-BF4B-00C04F79EFBC}") = "MonkeyTests", "..\MonkeyTests\MonkeyTests.csproj", "{75CA189D-2BE5-4BAB-A7D2-4CCA93A38895}"
EndProject
Global
	GlobalSection(SolutionConfigurationPlatforms) = preSolution
		Debug|Any CPU = Debug|Any CPU
		Release|Any CPU = Release|Any CPU
	EndGlobalSection
	GlobalSection(ProjectConfigurationPlatforms) = postSolution
		{DD1B3C3C-9A5A-41D7-87A0-D90436A86820}.Debug|Any CPU.ActiveCfg = Debug|Any CPU
		{DD1B3C3C-9A5A-41D7-87A0-D90436A86820}.Debug|Any CPU.Build.0 = Debug|Any CPU
		{DD1B3C3C-9A5A-41D7-87A0-D90436A86820}.Release|Any CPU.ActiveCfg = Release|Any CPU
		{DD1B3C3C-9A5A-41D7-87A0-D90436A86820}.Release|Any CPU.Build.0 = Release|Any CPU
		{75CA189D-2BE5-4BAB-A7D2-4CCA93A38895}.Debug|Any CPU.ActiveCfg = Debug|Any CPU
		{75CA189D-2BE5-4BAB-A7D2-4CCA93A38895}.Debug|Any CPU.Build.0 = Debug|Any CPU
		{75CA189D-2BE5-4BAB-A7D2-4CCA93A38895}.Release|Any CPU.ActiveCfg = Release|Any CPU
		{75CA189D-2BE5-4BAB-A7D2-4CCA93A38895}.Release|Any CPU.Build.0 = Release|Any CPU
	EndGlobalSection
	GlobalSection(SolutionProperties) = preSolution
		HideSolutionNode = FALSE
	EndGlobalSection
	GlobalSection(ExtensibilityGlobals) = postSolution
		SolutionGuid = {2BCBE0F3-827F-4903-A734-60EAB5FFA372}
	EndGlobalSection
EndGlobal
